
Microsoft Visual Studio Solution File, Format Version 12.00
# Visual Studio Version 16
VisualStudioVersion = 16.0.31424.327
MinimumVisualStudioVersion = 10.0.40219.1
Project("{FAE04EC0-301F-11D3-BF4B-00C04F79EFBC}") = "BlobProcess2", "BlobProcess2\BlobProcess2.csproj", "{726D8F14-4010-430A-8D38-842B173C1131}"
EndProject
Global
	GlobalSection(SolutionConfigurationPlatforms) = preSolution
		Debug|Any CPU = Debug|Any CPU
		Release|Any CPU = Release|Any CPU
	EndGlobalSection
	GlobalSection(ProjectConfigurationPlatforms) = postSolution
		{726D8F14-4010-430A-8D38-842B173C1131}.Debug|Any CPU.ActiveCfg = Debug|Any CPU
		{726D8F14-4010-430A-8D38-842B173C1131}.Debug|Any CPU.Build.0 = Debug|Any CPU
		{726D8F14-4010-430A-8D38-842B173C1131}.Release|Any CPU.ActiveCfg = Release|Any CPU
		{726D8F14-4010-430A-8D38-842B173C1131}.Release|Any CPU.Build.0 = Release|Any CPU
	EndGlobalSection
	GlobalSection(SolutionProperties) = preSolution
		HideSolutionNode = FALSE
	EndGlobalSection
	GlobalSection(ExtensibilityGlobals) = postSolution
		SolutionGuid = {D48D3F78-368B-41EC-92BD-288FD6B57D64}
	EndGlobalSection
EndGlobal
